
Microsoft Visual Studio Solution File, Format Version 12.00
# Visual Studio Version 16
VisualStudioVersion = 16.0.30503.244
MinimumVisualStudioVersion = 10.0.40219.1
Project("{9A19103F-16F7-4668-BE54-9A1E7A4F7556}") = "ConsoleApp", "Console\ConsoleApp.csproj", "{F501AA03-1AFE-4FAF-8BD3-AFA0887B2587}"
EndProject
Project("{9A19103F-16F7-4668-BE54-9A1E7A4F7556}") = "WPF", "WPF\WPF.csproj", "{041DA594-9A30-4B95-AFB9-27C98625FD48}"
EndProject
Global
	GlobalSection(SolutionConfigurationPlatforms) = preSolution
		Debug|Any CPU = Debug|Any CPU
		Release|Any CPU = Release|Any CPU
	EndGlobalSection
	GlobalSection(ProjectConfigurationPlatforms) = postSolution
		{F501AA03-1AFE-4FAF-8BD3-AFA0887B2587}.Debug|Any CPU.ActiveCfg = Debug|Any CPU
		{F501AA03-1AFE-4FAF-8BD3-AFA0887B2587}.Debug|Any CPU.Build.0 = Debug|Any CPU
		{F501AA03-1AFE-4FAF-8BD3-AFA0887B2587}.Release|Any CPU.ActiveCfg = Release|Any CPU
		{F501AA03-1AFE-4FAF-8BD3-AFA0887B2587}.Release|Any CPU.Build.0 = Release|Any CPU
		{041DA594-9A30-4B95-AFB9-27C98625FD48}.Debug|Any CPU.ActiveCfg = Debug|Any CPU
		{041DA594-9A30-4B95-AFB9-27C98625FD48}.Debug|Any CPU.Build.0 = Debug|Any CPU
		{041DA594-9A30-4B95-AFB9-27C98625FD48}.Release|Any CPU.ActiveCfg = Release|Any CPU
		{041DA594-9A30-4B95-AFB9-27C98625FD48}.Release|Any CPU.Build.0 = Release|Any CPU
	EndGlobalSection
	GlobalSection(SolutionProperties) = preSolution
		HideSolutionNode = FALSE
	EndGlobalSection
	GlobalSection(ExtensibilityGlobals) = postSolution
		SolutionGuid = {BBA76699-C302-4058-AD4C-2BC02BE3690A}
	EndGlobalSection
EndGlobal
